
Microsoft Visual Studio Solution File, Format Version 12.00
# Visual Studio 15
VisualStudioVersion = 15.0.27130.2024
MinimumVisualStudioVersion = 10.0.40219.1
Project("{FAE04EC0-301F-11D3-BF4B-00C04F79EFBC}") = "example", "example\example.csproj", "{DF8F8913-075B-48D3-86DD-AE844B352AFE}"
EndProject
Global
	GlobalSection(SolutionConfigurationPlatforms) = preSolution
		Debug|Any CPU = Debug|Any CPU
		Release|Any CPU = Release|Any CPU
	EndGlobalSection
	GlobalSection(ProjectConfigurationPlatforms) = postSolution
		{DF8F8913-075B-48D3-86DD-AE844B352AFE}.Debug|Any CPU.ActiveCfg = Debug|Any CPU
		{DF8F8913-075B-48D3-86DD-AE844B352AFE}.Debug|Any CPU.Build.0 = Debug|Any CPU
		{DF8F8913-075B-48D3-86DD-AE844B352AFE}.Release|Any CPU.ActiveCfg = Release|Any CPU
		{DF8F8913-075B-48D3-86DD-AE844B352AFE}.Release|Any CPU.Build.0 = Release|Any CPU
	EndGlobalSection
	GlobalSection(SolutionProperties) = preSolution
		HideSolutionNode = FALSE
	EndGlobalSection
	GlobalSection(ExtensibilityGlobals) = postSolution
		SolutionGuid = {63756F3E-1459-4D36-BD3C-9EA197CECFD3}
	EndGlobalSection
EndGlobal
